
Microsoft Visual Studio Solution File, Format Version 12.00
# Visual Studio Version 17
VisualStudioVersion = 17.11.35312.102
MinimumVisualStudioVersion = 10.0.40219.1
Project("{8BC9CEB8-8B4A-11D0-8D11-00A0C91BC942}") = "TextureFiltering", "TextureFiltering\TextureFiltering.vcxproj", "{C6ABBF5D-BB74-4812-AB52-973D8B76A266}"
	ProjectSection(ProjectDependencies) = postProject
		{0BE55595-4080-4265-82AF-51108EC956B2} = {0BE55595-4080-4265-82AF-51108EC956B2}
		{B5899B32-FAC2-477E-99AA-86736B97F2FC} = {B5899B32-FAC2-477E-99AA-86736B97F2FC}
		{D3D173AB-D306-4179-BEC4-95CE1B14E647} = {D3D173AB-D306-4179-BEC4-95CE1B14E647}
	EndProjectSection
EndProject
Project("{8BC9CEB8-8B4A-11D0-8D11-00A0C91BC942}") = "Geodesics", "Geodesics\Geodesics.vcxproj", "{CC79FFAF-4BF9-4A11-94EA-D44BCC5D80F4}"
	ProjectSection(ProjectDependencies) = postProject
		{0BE55595-4080-4265-82AF-51108EC956B2} = {0BE55595-4080-4265-82AF-51108EC956B2}
		{B5899B32-FAC2-477E-99AA-86736B97F2FC} = {B5899B32-FAC2-477E-99AA-86736B97F2FC}
		{D3D173AB-D306-4179-BEC4-95CE1B14E647} = {D3D173AB-D306-4179-BEC4-95CE1B14E647}
	EndProjectSection
EndProject
Project("{8BC9CEB8-8B4A-11D0-8D11-00A0C91BC942}") = "LineIntegralConvolution", "LineIntegralConvolution\LineIntegralConvolution.vcxproj", "{53350EE4-5B9C-4977-8E91-4FE6E84D9E38}"
	ProjectSection(ProjectDependencies) = postProject
		{0BE55595-4080-4265-82AF-51108EC956B2} = {0BE55595-4080-4265-82AF-51108EC956B2}
		{B5899B32-FAC2-477E-99AA-86736B97F2FC} = {B5899B32-FAC2-477E-99AA-86736B97F2FC}
		{D3D173AB-D306-4179-BEC4-95CE1B14E647} = {D3D173AB-D306-4179-BEC4-95CE1B14E647}
	EndProjectSection
EndProject
Project("{8BC9CEB8-8B4A-11D0-8D11-00A0C91BC942}") = "ReactionDiffusion", "ReactionDiffusion\ReactionDiffusion.vcxproj", "{E2DE783C-D9A1-4EB6-A8F4-5E8FA84C0BAA}"
	ProjectSection(ProjectDependencies) = postProject
		{0BE55595-4080-4265-82AF-51108EC956B2} = {0BE55595-4080-4265-82AF-51108EC956B2}
		{B5899B32-FAC2-477E-99AA-86736B97F2FC} = {B5899B32-FAC2-477E-99AA-86736B97F2FC}
		{D3D173AB-D306-4179-BEC4-95CE1B14E647} = {D3D173AB-D306-4179-BEC4-95CE1B14E647}
	EndProjectSection
EndProject
Project("{2150E333-8FDC-42A3-9474-1A3956D46DE8}") = "Shaders", "Shaders", "{E53407B5-8B55-4CC7-86B2-A83A5243C1D5}"
	ProjectSection(SolutionItems) = preProject
		include\Shaders\normal_texture_fragment.fs = include\Shaders\normal_texture_fragment.fs
		include\Shaders\normal_texture_vertex.vs = include\Shaders\normal_texture_vertex.vs
	EndProjectSection
EndProject
Project("{8BC9CEB8-8B4A-11D0-8D11-00A0C91BC942}") = "TextureStitching", "TextureStitching\TextureStitching.vcxproj", "{F2C72C17-7116-4E00-8411-FC4B46EB59BE}"
	ProjectSection(ProjectDependencies) = postProject
		{0BE55595-4080-4265-82AF-51108EC956B2} = {0BE55595-4080-4265-82AF-51108EC956B2}
		{B5899B32-FAC2-477E-99AA-86736B97F2FC} = {B5899B32-FAC2-477E-99AA-86736B97F2FC}
		{D3D173AB-D306-4179-BEC4-95CE1B14E647} = {D3D173AB-D306-4179-BEC4-95CE1B14E647}
	EndProjectSection
EndProject
Project("{2150E333-8FDC-42A3-9474-1A3956D46DE8}") = "Src", "Src", "{02EA681E-C7D8-13C7-8484-4AC65E1B71E8}"
	ProjectSection(SolutionItems) = preProject
		include\Src\Atlas.h = include\Src\Atlas.h
		include\Src\AtlasCharts.inl = include\Src\AtlasCharts.inl
		include\Src\AtlasMesh.inl = include\Src\AtlasMesh.inl
		include\Src\Basis.h = include\Src\Basis.h
		include\Src\BoundaryQuadraticElements.inl = include\Src\BoundaryQuadraticElements.inl
		include\Src\ConstrainedTriangulation.h = include\Src\ConstrainedTriangulation.h
		include\Src\EdgeIndexing.h = include\Src\EdgeIndexing.h
		include\Src\GradientDomain.h = include\Src\GradientDomain.h
		include\Src\GradientDomain.inl = include\Src\GradientDomain.inl
		include\Src\Hierarchy.h = include\Src\Hierarchy.h
		include\Src\HierarchyConstruction.inl = include\Src\HierarchyConstruction.inl
		include\Src\ImageIO.h = include\Src\ImageIO.h
		include\Src\IndexedPolygon.h = include\Src\IndexedPolygon.h
		include\Src\Indices.h = include\Src\Indices.h
		include\Src\InteriorTexelToCellLines.h = include\Src\InteriorTexelToCellLines.h
		include\Src\IterativeSolvers.inl = include\Src\IterativeSolvers.inl
		include\Src\MeshIO.h = include\Src\MeshIO.h
		include\Src\Metric.inl = include\Src\Metric.inl
		include\Src\Operators.h = include\Src\Operators.h
		include\Src\Operators.inl = include\Src\Operators.inl
		include\Src\Padding.h = include\Src\Padding.h
		include\Src\PolygonClipping.h = include\Src\PolygonClipping.h
		include\Src\PreProcessing.h = include\Src\PreProcessing.h
		include\Src\ProlongationAndRestriction.inl = include\Src\ProlongationAndRestriction.inl
		include\Src\QuadratureIntegration.h = include\Src\QuadratureIntegration.h
		include\Src\SimpleTriangleMesh.h = include\Src\SimpleTriangleMesh.h
		include\Src\SimpleTriangleMesh.inl = include\Src\SimpleTriangleMesh.inl
		include\Src\Solver.h = include\Src\Solver.h
		include\Src\SparseMatrixParser.h = include\Src\SparseMatrixParser.h
		include\Src\StitchingVisualization.h = include\Src\StitchingVisualization.h
		include\Src\StitchingVisualization.inl = include\Src\StitchingVisualization.inl
		include\Src\TexturedMeshVisualization.h = include\Src\TexturedMeshVisualization.h
		include\Src\TexturedMeshVisualization.inl = include\Src\TexturedMeshVisualization.inl
		include\Src\TextureFilteringVisualization.h = include\Src\TextureFilteringVisualization.h
		include\Src\TextureFilteringVisualization.inl = include\Src\TextureFilteringVisualization.inl
		include\Src\TextureIO.h = include\Src\TextureIO.h
		include\Src\UpdateCoefficients.inl = include\Src\UpdateCoefficients.inl
		include\Src\VectorIO.h = include\Src\VectorIO.h
		include\Src\Visualization.h = include\Src\Visualization.h
	EndProjectSection
EndProject
Project("{8BC9CEB8-8B4A-11D0-8D11-00A0C91BC942}") = "TextureDilation", "TextureDilation\TextureDilation.vcxproj", "{C93F9636-6782-4261-B74F-A379FFCA9407}"
	ProjectSection(ProjectDependencies) = postProject
		{0BE55595-4080-4265-82AF-51108EC956B2} = {0BE55595-4080-4265-82AF-51108EC956B2}
		{B5899B32-FAC2-477E-99AA-86736B97F2FC} = {B5899B32-FAC2-477E-99AA-86736B97F2FC}
		{D3D173AB-D306-4179-BEC4-95CE1B14E647} = {D3D173AB-D306-4179-BEC4-95CE1B14E647}
	EndProjectSection
EndProject
Project("{8BC9CEB8-8B4A-11D0-8D11-00A0C91BC942}") = "TextureMasking", "TextureMasking\TextureMasking.vcxproj", "{A390262E-A1BB-4E5F-A835-335ACFAC1552}"
	ProjectSection(ProjectDependencies) = postProject
		{0BE55595-4080-4265-82AF-51108EC956B2} = {0BE55595-4080-4265-82AF-51108EC956B2}
		{B5899B32-FAC2-477E-99AA-86736B97F2FC} = {B5899B32-FAC2-477E-99AA-86736B97F2FC}
		{D3D173AB-D306-4179-BEC4-95CE1B14E647} = {D3D173AB-D306-4179-BEC4-95CE1B14E647}
	EndProjectSection
EndProject
Project("{8BC9CEB8-8B4A-11D0-8D11-00A0C91BC942}") = "GradientDomain.example", "GradientDomain.example\GradientDomain.example.vcxproj", "{E103EBEE-D5AC-49E4-9B71-32B73C7DEFD5}"
	ProjectSection(ProjectDependencies) = postProject
		{0BE55595-4080-4265-82AF-51108EC956B2} = {0BE55595-4080-4265-82AF-51108EC956B2}
		{B5899B32-FAC2-477E-99AA-86736B97F2FC} = {B5899B32-FAC2-477E-99AA-86736B97F2FC}
		{D3D173AB-D306-4179-BEC4-95CE1B14E647} = {D3D173AB-D306-4179-BEC4-95CE1B14E647}
	EndProjectSection
EndProject
Project("{8BC9CEB8-8B4A-11D0-8D11-00A0C91BC942}") = "SetExteriorTexels", "SetExteriorTexels\SetExteriorTexels.vcxproj", "{0D044FEF-050F-42CB-9A88-63F4F3F394BB}"
	ProjectSection(ProjectDependencies) = postProject
		{0BE55595-4080-4265-82AF-51108EC956B2} = {0BE55595-4080-4265-82AF-51108EC956B2}
		{B5899B32-FAC2-477E-99AA-86736B97F2FC} = {B5899B32-FAC2-477E-99AA-86736B97F2FC}
		{D3D173AB-D306-4179-BEC4-95CE1B14E647} = {D3D173AB-D306-4179-BEC4-95CE1B14E647}
	EndProjectSection
EndProject
Project("{2150E333-8FDC-42A3-9474-1A3956D46DE8}") = "Misha", "Misha", "{4B406F54-51A0-47BC-904C-D11D7A0D544E}"
	ProjectSection(SolutionItems) = preProject
		third_party\include\Misha\Algebra.h = third_party\include\Misha\Algebra.h
		third_party\include\Misha\Array.h = third_party\include\Misha\Array.h
		third_party\include\Misha\Array.inl = third_party\include\Misha\Array.inl
		third_party\include\Misha\Atomic.Geometry.h = third_party\include\Misha\Atomic.Geometry.h
		third_party\include\Misha\Atomic.h = third_party\include\Misha\Atomic.h
		third_party\include\Misha\BMP.h = third_party\include\Misha\BMP.h
		third_party\include\Misha\BMP.inl = third_party\include\Misha\BMP.inl
		third_party\include\Misha\Camera.h = third_party\include\Misha\Camera.h
		third_party\include\Misha\CmdLineParser.h = third_party\include\Misha\CmdLineParser.h
		third_party\include\Misha\CmdLineParser.inl = third_party\include\Misha\CmdLineParser.inl
		third_party\include\Misha\Exceptions.h = third_party\include\Misha\Exceptions.h
		third_party\include\Misha\ExplicitIndex.h = third_party\include\Misha\ExplicitIndex.h
		third_party\include\Misha\FEM.BasisInfo.inc = third_party\include\Misha\FEM.BasisInfo.inc
		third_party\include\Misha\FEM.h = third_party\include\Misha\FEM.h
		third_party\include\Misha\FEM.inl = third_party\include\Misha\FEM.inl
		third_party\include\Misha\Geometry.h = third_party\include\Misha\Geometry.h
		third_party\include\Misha\Geometry.inl = third_party\include\Misha\Geometry.inl
		third_party\include\Misha\Image.h = third_party\include\Misha\Image.h
		third_party\include\Misha\JPEG.h = third_party\include\Misha\JPEG.h
		third_party\include\Misha\JPEG.inl = third_party\include\Misha\JPEG.inl
		third_party\include\Misha\LinearSolvers.h = third_party\include\Misha\LinearSolvers.h
		third_party\include\Misha\MemoryUsage.h = third_party\include\Misha\MemoryUsage.h
		third_party\include\Misha\Miscellany.h = third_party\include\Misha\Miscellany.h
		third_party\include\Misha\MultiThreading.h = third_party\include\Misha\MultiThreading.h
		third_party\include\Misha\PBM.h = third_party\include\Misha\PBM.h
		third_party\include\Misha\PBM.inl = third_party\include\Misha\PBM.inl
		third_party\include\Misha\Ply.h = third_party\include\Misha\Ply.h
		third_party\include\Misha\Ply.inl = third_party\include\Misha\Ply.inl
		third_party\include\Misha\PlyFile.h = third_party\include\Misha\PlyFile.h
		third_party\include\Misha\PlyFile.inl = third_party\include\Misha\PlyFile.inl
		third_party\include\Misha\PlyVertexData.h = third_party\include\Misha\PlyVertexData.h
		third_party\include\Misha\PlyVertexData.inl = third_party\include\Misha\PlyVertexData.inl
		third_party\include\Misha\PNG.h = third_party\include\Misha\PNG.h
		third_party\include\Misha\PNG.inl = third_party\include\Misha\PNG.inl
		third_party\include\Misha\Poly34.h = third_party\include\Misha\Poly34.h
		third_party\include\Misha\Poly34.inl = third_party\include\Misha\Poly34.inl
		third_party\include\Misha\Polynomial.h = third_party\include\Misha\Polynomial.h
		third_party\include\Misha\Polynomial.inl = third_party\include\Misha\Polynomial.inl
		third_party\include\Misha\Rasterizer2D.h = third_party\include\Misha\Rasterizer2D.h
		third_party\include\Misha\Rasterizer2D.inl = third_party\include\Misha\Rasterizer2D.inl
		third_party\include\Misha\RegularGrid.h = third_party\include\Misha\RegularGrid.h
		third_party\include\Misha\RegularGrid.inl = third_party\include\Misha\RegularGrid.inl
		third_party\include\Misha\RightTriangleQuadrature.h = third_party\include\Misha\RightTriangleQuadrature.h
		third_party\include\Misha\SimplexBasis.h = third_party\include\Misha\SimplexBasis.h
		third_party\include\Misha\SimplexBasis.inl = third_party\include\Misha\SimplexBasis.inl
		third_party\include\Misha\SparseMatrix.h = third_party\include\Misha\SparseMatrix.h
		third_party\include\Misha\SparseMatrix.inl = third_party\include\Misha\SparseMatrix.inl
		third_party\include\Misha\SparseMatrixInterface.h = third_party\include\Misha\SparseMatrixInterface.h
		third_party\include\Misha\SparseMatrixInterface.inl = third_party\include\Misha\SparseMatrixInterface.inl
		third_party\include\Misha\Texels.h = third_party\include\Misha\Texels.h
		third_party\include\Misha\Texels.inl = third_party\include\Misha\Texels.inl
		third_party\include\Misha\Vector.h = third_party\include\Misha\Vector.h
		third_party\include\Misha\Vector.inl = third_party\include\Misha\Vector.inl
	EndProjectSection
EndProject
Project("{8BC9CEB8-8B4A-11D0-8D11-00A0C91BC942}") = "PNG", "third_party\PNG\PNG.vcxproj", "{B5899B32-FAC2-477E-99AA-86736B97F2FC}"
EndProject
Project("{8BC9CEB8-8B4A-11D0-8D11-00A0C91BC942}") = "ZLIB", "third_party\ZLIB\ZLIB.vcxproj", "{D3D173AB-D306-4179-BEC4-95CE1B14E647}"
EndProject
Project("{8BC9CEB8-8B4A-11D0-8D11-00A0C91BC942}") = "JPEG", "third_party\JPEG\JPEG.vcxproj", "{0BE55595-4080-4265-82AF-51108EC956B2}"
EndProject
Global
	GlobalSection(SolutionConfigurationPlatforms) = preSolution
		Debug|x64 = Debug|x64
		Debug|x86 = Debug|x86
		Release|x64 = Release|x64
		Release|x86 = Release|x86
	EndGlobalSection
	GlobalSection(ProjectConfigurationPlatforms) = postSolution
		{C6ABBF5D-BB74-4812-AB52-973D8B76A266}.Debug|x64.ActiveCfg = Release|x64
		{C6ABBF5D-BB74-4812-AB52-973D8B76A266}.Debug|x64.Build.0 = Release|x64
		{C6ABBF5D-BB74-4812-AB52-973D8B76A266}.Debug|x86.ActiveCfg = Release|x64
		{C6ABBF5D-BB74-4812-AB52-973D8B76A266}.Debug|x86.Build.0 = Release|x64
		{C6ABBF5D-BB74-4812-AB52-973D8B76A266}.Release|x64.ActiveCfg = Release|x64
		{C6ABBF5D-BB74-4812-AB52-973D8B76A266}.Release|x64.Build.0 = Release|x64
		{C6ABBF5D-BB74-4812-AB52-973D8B76A266}.Release|x86.ActiveCfg = Release|x64
		{CC79FFAF-4BF9-4A11-94EA-D44BCC5D80F4}.Debug|x64.ActiveCfg = Release|x64
		{CC79FFAF-4BF9-4A11-94EA-D44BCC5D80F4}.Debug|x64.Build.0 = Release|x64
		{CC79FFAF-4BF9-4A11-94EA-D44BCC5D80F4}.Debug|x86.ActiveCfg = Release|x64
		{CC79FFAF-4BF9-4A11-94EA-D44BCC5D80F4}.Debug|x86.Build.0 = Release|x64
		{CC79FFAF-4BF9-4A11-94EA-D44BCC5D80F4}.Release|x64.ActiveCfg = Release|x64
		{CC79FFAF-4BF9-4A11-94EA-D44BCC5D80F4}.Release|x64.Build.0 = Release|x64
		{CC79FFAF-4BF9-4A11-94EA-D44BCC5D80F4}.Release|x86.ActiveCfg = Release|x64
		{53350EE4-5B9C-4977-8E91-4FE6E84D9E38}.Debug|x64.ActiveCfg = Release|x64
		{53350EE4-5B9C-4977-8E91-4FE6E84D9E38}.Debug|x64.Build.0 = Release|x64
		{53350EE4-5B9C-4977-8E91-4FE6E84D9E38}.Debug|x86.ActiveCfg = Release|x64
		{53350EE4-5B9C-4977-8E91-4FE6E84D9E38}.Debug|x86.Build.0 = Release|x64
		{53350EE4-5B9C-4977-8E91-4FE6E84D9E38}.Release|x64.ActiveCfg = Release|x64
		{53350EE4-5B9C-4977-8E91-4FE6E84D9E38}.Release|x64.Build.0 = Release|x64
		{53350EE4-5B9C-4977-8E91-4FE6E84D9E38}.Release|x86.ActiveCfg = Release|x64
		{E2DE783C-D9A1-4EB6-A8F4-5E8FA84C0BAA}.Debug|x64.ActiveCfg = Debug|x64
		{E2DE783C-D9A1-4EB6-A8F4-5E8FA84C0BAA}.Debug|x64.Build.0 = Debug|x64
		{E2DE783C-D9A1-4EB6-A8F4-5E8FA84C0BAA}.Debug|x86.ActiveCfg = Debug|Win32
		{E2DE783C-D9A1-4EB6-A8F4-5E8FA84C0BAA}.Debug|x86.Build.0 = Debug|Win32
		{E2DE783C-D9A1-4EB6-A8F4-5E8FA84C0BAA}.Release|x64.ActiveCfg = Release|x64
		{E2DE783C-D9A1-4EB6-A8F4-5E8FA84C0BAA}.Release|x64.Build.0 = Release|x64
		{E2DE783C-D9A1-4EB6-A8F4-5E8FA84C0BAA}.Release|x86.ActiveCfg = Release|Win32
		{E2DE783C-D9A1-4EB6-A8F4-5E8FA84C0BAA}.Release|x86.Build.0 = Release|Win32
		{F2C72C17-7116-4E00-8411-FC4B46EB59BE}.Debug|x64.ActiveCfg = Release|x64
		{F2C72C17-7116-4E00-8411-FC4B46EB59BE}.Debug|x64.Build.0 = Release|x64
		{F2C72C17-7116-4E00-8411-FC4B46EB59BE}.Debug|x86.ActiveCfg = Release|x64
		{F2C72C17-7116-4E00-8411-FC4B46EB59BE}.Debug|x86.Build.0 = Release|x64
		{F2C72C17-7116-4E00-8411-FC4B46EB59BE}.Release|x64.ActiveCfg = Release|x64
		{F2C72C17-7116-4E00-8411-FC4B46EB59BE}.Release|x64.Build.0 = Release|x64
		{F2C72C17-7116-4E00-8411-FC4B46EB59BE}.Release|x86.ActiveCfg = Release|x64
		{C93F9636-6782-4261-B74F-A379FFCA9407}.Debug|x64.ActiveCfg = Debug|x64
		{C93F9636-6782-4261-B74F-A379FFCA9407}.Debug|x64.Build.0 = Debug|x64
		{C93F9636-6782-4261-B74F-A379FFCA9407}.Debug|x86.ActiveCfg = Debug|Win32
		{C93F9636-6782-4261-B74F-A379FFCA9407}.Debug|x86.Build.0 = Debug|Win32
		{C93F9636-6782-4261-B74F-A379FFCA9407}.Release|x64.ActiveCfg = Release|x64
		{C93F9636-6782-4261-B74F-A379FFCA9407}.Release|x64.Build.0 = Release|x64
		{C93F9636-6782-4261-B74F-A379FFCA9407}.Release|x86.ActiveCfg = Release|Win32
		{C93F9636-6782-4261-B74F-A379FFCA9407}.Release|x86.Build.0 = Release|Win32
		{A390262E-A1BB-4E5F-A835-335ACFAC1552}.Debug|x64.ActiveCfg = Debug|x64
		{A390262E-A1BB-4E5F-A835-335ACFAC1552}.Debug|x64.Build.0 = Debug|x64
		{A390262E-A1BB-4E5F-A835-335ACFAC1552}.Debug|x86.ActiveCfg = Debug|Win32
		{A390262E-A1BB-4E5F-A835-335ACFAC1552}.Debug|x86.Build.0 = Debug|Win32
		{A390262E-A1BB-4E5F-A835-335ACFAC1552}.Release|x64.ActiveCfg = Release|x64
		{A390262E-A1BB-4E5F-A835-335ACFAC1552}.Release|x64.Build.0 = Release|x64
		{A390262E-A1BB-4E5F-A835-335ACFAC1552}.Release|x86.ActiveCfg = Release|Win32
		{A390262E-A1BB-4E5F-A835-335ACFAC1552}.Release|x86.Build.0 = Release|Win32
		{E103EBEE-D5AC-49E4-9B71-32B73C7DEFD5}.Debug|x64.ActiveCfg = Debug|x64
		{E103EBEE-D5AC-49E4-9B71-32B73C7DEFD5}.Debug|x64.Build.0 = Debug|x64
		{E103EBEE-D5AC-49E4-9B71-32B73C7DEFD5}.Debug|x86.ActiveCfg = Debug|Win32
		{E103EBEE-D5AC-49E4-9B71-32B73C7DEFD5}.Debug|x86.Build.0 = Debug|Win32
		{E103EBEE-D5AC-49E4-9B71-32B73C7DEFD5}.Release|x64.ActiveCfg = Release|x64
		{E103EBEE-D5AC-49E4-9B71-32B73C7DEFD5}.Release|x64.Build.0 = Release|x64
		{E103EBEE-D5AC-49E4-9B71-32B73C7DEFD5}.Release|x86.ActiveCfg = Release|Win32
		{E103EBEE-D5AC-49E4-9B71-32B73C7DEFD5}.Release|x86.Build.0 = Release|Win32
		{0D044FEF-050F-42CB-9A88-63F4F3F394BB}.Debug|x64.ActiveCfg = Debug|x64
		{0D044FEF-050F-42CB-9A88-63F4F3F394BB}.Debug|x64.Build.0 = Debug|x64
		{0D044FEF-050F-42CB-9A88-63F4F3F394BB}.Debug|x86.ActiveCfg = Debug|Win32
		{0D044FEF-050F-42CB-9A88-63F4F3F394BB}.Debug|x86.Build.0 = Debug|Win32
		{0D044FEF-050F-42CB-9A88-63F4F3F394BB}.Release|x64.ActiveCfg = Release|x64
		{0D044FEF-050F-42CB-9A88-63F4F3F394BB}.Release|x64.Build.0 = Release|x64
		{0D044FEF-050F-42CB-9A88-63F4F3F394BB}.Release|x86.ActiveCfg = Release|Win32
		{0D044FEF-050F-42CB-9A88-63F4F3F394BB}.Release|x86.Build.0 = Release|Win32
		{B5899B32-FAC2-477E-99AA-86736B97F2FC}.Debug|x64.ActiveCfg = Release|x64
		{B5899B32-FAC2-477E-99AA-86736B97F2FC}.Debug|x64.Build.0 = Release|x64
		{B5899B32-FAC2-477E-99AA-86736B97F2FC}.Debug|x86.ActiveCfg = Release|x64
		{B5899B32-FAC2-477E-99AA-86736B97F2FC}.Debug|x86.Build.0 = Release|x64
		{B5899B32-FAC2-477E-99AA-86736B97F2FC}.Release|x64.ActiveCfg = Release|x64
		{B5899B32-FAC2-477E-99AA-86736B97F2FC}.Release|x64.Build.0 = Release|x64
		{B5899B32-FAC2-477E-99AA-86736B97F2FC}.Release|x86.ActiveCfg = Release|x64
		{B5899B32-FAC2-477E-99AA-86736B97F2FC}.Release|x86.Build.0 = Release|x64
		{D3D173AB-D306-4179-BEC4-95CE1B14E647}.Debug|x64.ActiveCfg = Debug|x64
		{D3D173AB-D306-4179-BEC4-95CE1B14E647}.Debug|x64.Build.0 = Debug|x64
		{D3D173AB-D306-4179-BEC4-95CE1B14E647}.Debug|x86.ActiveCfg = Debug|x64
		{D3D173AB-D306-4179-BEC4-95CE1B14E647}.Debug|x86.Build.0 = Debug|x64
		{D3D173AB-D306-4179-BEC4-95CE1B14E647}.Release|x64.ActiveCfg = Release|x64
		{D3D173AB-D306-4179-BEC4-95CE1B14E647}.Release|x64.Build.0 = Release|x64
		{D3D173AB-D306-4179-BEC4-95CE1B14E647}.Release|x86.ActiveCfg = Release|x64
		{D3D173AB-D306-4179-BEC4-95CE1B14E647}.Release|x86.Build.0 = Release|x64
		{0BE55595-4080-4265-82AF-51108EC956B2}.Debug|x64.ActiveCfg = Release|x64
		{0BE55595-4080-4265-82AF-51108EC956B2}.Debug|x64.Build.0 = Release|x64
		{0BE55595-4080-4265-82AF-51108EC956B2}.Debug|x86.ActiveCfg = Release|x64
		{0BE55595-4080-4265-82AF-51108EC956B2}.Debug|x86.Build.0 = Release|x64
		{0BE55595-4080-4265-82AF-51108EC956B2}.Release|x64.ActiveCfg = Release|x64
		{0BE55595-4080-4265-82AF-51108EC956B2}.Release|x64.Build.0 = Release|x64
		{0BE55595-4080-4265-82AF-51108EC956B2}.Release|x86.ActiveCfg = Release|x64
		{0BE55595-4080-4265-82AF-51108EC956B2}.Release|x86.Build.0 = Release|x64
	EndGlobalSection
	GlobalSection(SolutionProperties) = preSolution
		HideSolutionNode = FALSE
	EndGlobalSection
	GlobalSection(NestedProjects) = preSolution
		{E53407B5-8B55-4CC7-86B2-A83A5243C1D5} = {02EA681E-C7D8-13C7-8484-4AC65E1B71E8}
	EndGlobalSection
	GlobalSection(ExtensibilityGlobals) = postSolution
		SolutionGuid = {4C297850-8530-4644-A102-60D5DCB98848}
	EndGlobalSection
EndGlobal
